// !$*UTF8*$!
{
	archiveVersion = 1;
	classes = {
	};
	objectVersion = 56;
	objects = {

/* Begin PBXBuildFile section */
		AC7511E22A844F8C008EC31A /* ViewBuildersBootcampApp.swift in Sources */ = {isa = PBXBuildFile; fileRef = AC7511E12A844F8C008EC31A /* ViewBuildersBootcampApp.swift */; };
		AC7511E42A844F8C008EC31A /* ContentView.swift in Sources */ = {isa = PBXBuildFile; fileRef = AC7511E32A844F8C008EC31A /* ContentView.swift */; };
		AC7511E62A844F8D008EC31A /* Assets.xcassets in Resources */ = {isa = PBXBuildFile; fileRef = AC7511E52A844F8D008EC31A /* Assets.xcassets */; };
		AC7511E92A844F8D008EC31A /* Preview Assets.xcassets in Resources */ = {isa = PBXBuildFile; fileRef = AC7511E82A844F8D008EC31A /* Preview Assets.xcassets */; };
		AC75120B2A845190008EC31A /* AppNavBarView.swift in Sources */ = {isa = PBXBuildFile; fileRef = AC75120A2A845190008EC31A /* AppNavBarView.swift */; };
		AC75120D2A8453B4008EC31A /* CustomNavBarView.swift in Sources */ = {isa = PBXBuildFile; fileRef = AC75120C2A8453B4008EC31A /* CustomNavBarView.swift */; };
		AC75120F2A8458AE008EC31A /* CustomNavBarContainerView.swift in Sources */ = {isa = PBXBuildFile; fileRef = AC75120E2A8458AE008EC31A /* CustomNavBarContainerView.swift */; };
		AC7512112A845CC7008EC31A /* CustomNavView.swift in Sources */ = {isa = PBXBuildFile; fileRef = AC7512102A845CC7008EC31A /* CustomNavView.swift */; };
		AC7512132A846065008EC31A /* CustomNavLink.swift in Sources */ = {isa = PBXBuildFile; fileRef = AC7512122A846065008EC31A /* CustomNavLink.swift */; };
		AC7512152A84686E008EC31A /* CustomNavBarPreferenceKeys.swift in Sources */ = {isa = PBXBuildFile; fileRef = AC7512142A84686E008EC31A /* CustomNavBarPreferenceKeys.swift */; };
/* End PBXBuildFile section */

/* Begin PBXFileReference section */
		AC7511DE2A844F8C008EC31A /* ViewBuildersBootcamp.app */ = {isa = PBXFileReference; explicitFileType = wrapper.application; includeInIndex = 0; path = ViewBuildersBootcamp.app; sourceTree = BUILT_PRODUCTS_DIR; };
		AC7511E12A844F8C008EC31A /* ViewBuildersBootcampApp.swift */ = {isa = PBXFileReference; lastKnownFileType = sourcecode.swift; path = ViewBuildersBootcampApp.swift; sourceTree = "<group>"; };
		AC7511E32A844F8C008EC31A /* ContentView.swift */ = {isa = PBXFileReference; lastKnownFileType = sourcecode.swift; path = ContentView.swift; sourceTree = "<group>"; };
		AC7511E52A844F8D008EC31A /* Assets.xcassets */ = {isa = PBXFileReference; lastKnownFileType = folder.assetcatalog; path = Assets.xcassets; sourceTree = "<group>"; };
		AC7511E82A844F8D008EC31A /* Preview Assets.xcassets */ = {isa = PBXFileReference; lastKnownFileType = folder.assetcatalog; path = "Preview Assets.xcassets"; sourceTree = "<group>"; };
		AC75120A2A845190008EC31A /* AppNavBarView.swift */ = {isa = PBXFileReference; lastKnownFileType = sourcecode.swift; path = AppNavBarView.swift; sourceTree = "<group>"; };
		AC75120C2A8453B4008EC31A /* CustomNavBarView.swift */ = {isa = PBXFileReference; lastKnownFileType = sourcecode.swift; path = CustomNavBarView.swift; sourceTree = "<group>"; };
		AC75120E2A8458AE008EC31A /* CustomNavBarContainerView.swift */ = {isa = PBXFileReference; lastKnownFileType = sourcecode.swift; path = CustomNavBarContainerView.swift; sourceTree = "<group>"; };
		AC7512102A845CC7008EC31A /* CustomNavView.swift */ = {isa = PBXFileReference; lastKnownFileType = sourcecode.swift; path = CustomNavView.swift; sourceTree = "<group>"; };
		AC7512122A846065008EC31A /* CustomNavLink.swift */ = {isa = PBXFileReference; lastKnownFileType = sourcecode.swift; path = CustomNavLink.swift; sourceTree = "<group>"; };
		AC7512142A84686E008EC31A /* CustomNavBarPreferenceKeys.swift */ = {isa = PBXFileReference; lastKnownFileType = sourcecode.swift; path = CustomNavBarPreferenceKeys.swift; sourceTree = "<group>"; };
/* End PBXFileReference section */

/* Begin PBXFrameworksBuildPhase section */
		AC7511DB2A844F8C008EC31A /* Frameworks */ = {
			isa = PBXFrameworksBuildPhase;
			buildActionMask = 2147483647;
			files = (
			);
			runOnlyForDeploymentPostprocessing = 0;
		};
/* End PBXFrameworksBuildPhase section */

/* Begin PBXGroup section */
		AC7511D52A844F8C008EC31A = {
			isa = PBXGroup;
			children = (
				AC7511E02A844F8C008EC31A /* ViewBuildersBootcamp */,
				AC7511DF2A844F8C008EC31A /* Products */,
			);
			sourceTree = "<group>";
		};
		AC7511DF2A844F8C008EC31A /* Products */ = {
			isa = PBXGroup;
			children = (
				AC7511DE2A844F8C008EC31A /* ViewBuildersBootcamp.app */,
			);
			name = Products;
			sourceTree = "<group>";
		};
		AC7511E02A844F8C008EC31A /* ViewBuildersBootcamp */ = {
			isa = PBXGroup;
			children = (
				AC7511E12A844F8C008EC31A /* ViewBuildersBootcampApp.swift */,
				AC7511E32A844F8C008EC31A /* ContentView.swift */,
				AC7512092A84516D008EC31A /* AwesomeNAvigationBar */,
				AC7511E52A844F8D008EC31A /* Assets.xcassets */,
				AC7511E72A844F8D008EC31A /* Preview Content */,
			);
			path = ViewBuildersBootcamp;
			sourceTree = "<group>";
		};
		AC7511E72A844F8D008EC31A /* Preview Content */ = {
			isa = PBXGroup;
			children = (
				AC7511E82A844F8D008EC31A /* Preview Assets.xcassets */,
			);
			path = "Preview Content";
			sourceTree = "<group>";
		};
		AC7512092A84516D008EC31A /* AwesomeNAvigationBar */ = {
			isa = PBXGroup;
			children = (
				AC75120A2A845190008EC31A /* AppNavBarView.swift */,
				AC75120C2A8453B4008EC31A /* CustomNavBarView.swift */,
				AC7512102A845CC7008EC31A /* CustomNavView.swift */,
				AC75120E2A8458AE008EC31A /* CustomNavBarContainerView.swift */,
				AC7512122A846065008EC31A /* CustomNavLink.swift */,
				AC7512142A84686E008EC31A /* CustomNavBarPreferenceKeys.swift */,
			);
			path = AwesomeNAvigationBar;
			sourceTree = "<group>";
		};
/* End PBXGroup section */

/* Begin PBXNativeTarget section */
		AC7511DD2A844F8C008EC31A /* ViewBuildersBootcamp */ = {
			isa = PBXNativeTarget;
			buildConfigurationList = AC7511EC2A844F8D008EC31A /* Build configuration list for PBXNativeTarget "ViewBuildersBootcamp" */;
			buildPhases = (
				AC7511DA2A844F8C008EC31A /* Sources */,
				AC7511DB2A844F8C008EC31A /* Frameworks */,
				AC7511DC2A844F8C008EC31A /* Resources */,
			);
			buildRules = (
			);
			dependencies = (
			);
			name = ViewBuildersBootcamp;
			productName = ViewBuildersBootcamp;
			productReference = AC7511DE2A844F8C008EC31A /* ViewBuildersBootcamp.app */;
			productType = "com.apple.product-type.application";
		};
/* End PBXNativeTarget section */

/* Begin PBXProject section */
		AC7511D62A844F8C008EC31A /* Project object */ = {
			isa = PBXProject;
			attributes = {
				BuildIndependentTargetsInParallel = 1;
				LastSwiftUpdateCheck = 1430;
				LastUpgradeCheck = 1430;
				TargetAttributes = {
					AC7511DD2A844F8C008EC31A = {
						CreatedOnToolsVersion = 14.3.1;
					};
				};
			};
			buildConfigurationList = AC7511D92A844F8C008EC31A /* Build configuration list for PBXProject "ViewBuildersBootcamp" */;
			compatibilityVersion = "Xcode 14.0";
			developmentRegion = en;
			hasScannedForEncodings = 0;
			knownRegions = (
				en,
				Base,
			);
			mainGroup = AC7511D52A844F8C008EC31A;
			productRefGroup = AC7511DF2A844F8C008EC31A /* Products */;
			projectDirPath = "";
			projectRoot = "";
			targets = (
				AC7511DD2A844F8C008EC31A /* ViewBuildersBootcamp */,
			);
		};
/* End PBXProject section */

/* Begin PBXResourcesBuildPhase section */
		AC7511DC2A844F8C008EC31A /* Resources */ = {
			isa = PBXResourcesBuildPhase;
			buildActionMask = 2147483647;
			files = (
				AC7511E92A844F8D008EC31A /* Preview Assets.xcassets in Resources */,
				AC7511E62A844F8D008EC31A /* Assets.xcassets in Resources */,
			);
			runOnlyForDeploymentPostprocessing = 0;
		};
/* End PBXResourcesBuildPhase section */

/* Begin PBXSourcesBuildPhase section */
		AC7511DA2A844F8C008EC31A /* Sources */ = {
			isa = PBXSourcesBuildPhase;
			buildActionMask = 2147483647;
			files = (
				AC7511E42A844F8C008EC31A /* ContentView.swift in Sources */,
				AC75120F2A8458AE008EC31A /* CustomNavBarContainerView.swift in Sources */,
				AC75120D2A8453B4008EC31A /* CustomNavBarView.swift in Sources */,
				AC7512132A846065008EC31A /* CustomNavLink.swift in Sources */,
				AC7511E22A844F8C008EC31A /* ViewBuildersBootcampApp.swift in Sources */,
				AC75120B2A845190008EC31A /* AppNavBarView.swift in Sources */,
				AC7512152A84686E008EC31A /* CustomNavBarPreferenceKeys.swift in Sources */,
				AC7512112A845CC7008EC31A /* CustomNavView.swift in Sources */,
			);
			runOnlyForDeploymentPostprocessing = 0;
		};
/* End PBXSourcesBuildPhase section */

/* Begin XCBuildConfiguration section */
		AC7511EA2A844F8D008EC31A /* Debug */ = {
			isa = XCBuildConfiguration;
			buildSettings = {
				ALWAYS_SEARCH_USER_PATHS = NO;
				CLANG_ANALYZER_NONNULL = YES;
				CLANG_ANALYZER_NUMBER_OBJECT_CONVERSION = YES_AGGRESSIVE;
				CLANG_CXX_LANGUAGE_STANDARD = "gnu++20";
				CLANG_ENABLE_MODULES = YES;
				CLANG_ENABLE_OBJC_ARC = YES;
				CLANG_ENABLE_OBJC_WEAK = YES;
				CLANG_WARN_BLOCK_CAPTURE_AUTORELEASING = YES;
				CLANG_WARN_BOOL_CONVERSION = YES;
				CLANG_WARN_COMMA = YES;
				CLANG_WARN_CONSTANT_CONVERSION = YES;
				CLANG_WARN_DEPRECATED_OBJC_IMPLEMENTATIONS = YES;
				CLANG_WARN_DIRECT_OBJC_ISA_USAGE = YES_ERROR;
				CLANG_WARN_DOCUMENTATION_COMMENTS = YES;
				CLANG_WARN_EMPTY_BODY = YES;
				CLANG_WARN_ENUM_CONVERSION = YES;
				CLANG_WARN_INFINITE_RECURSION = YES;
				CLANG_WARN_INT_CONVERSION = YES;
				CLANG_WARN_NON_LITERAL_NULL_CONVERSION = YES;
				CLANG_WARN_OBJC_IMPLICIT_RETAIN_SELF = YES;
				CLANG_WARN_OBJC_LITERAL_CONVERSION = YES;
				CLANG_WARN_OBJC_ROOT_CLASS = YES_ERROR;
				CLANG_WARN_QUOTED_INCLUDE_IN_FRAMEWORK_HEADER = YES;
				CLANG_WARN_RANGE_LOOP_ANALYSIS = YES;
				CLANG_WARN_STRICT_PROTOTYPES = YES;
				CLANG_WARN_SUSPICIOUS_MOVE = YES;
				CLANG_WARN_UNGUARDED_AVAILABILITY = YES_AGGRESSIVE;
				CLANG_WARN_UNREACHABLE_CODE = YES;
				CLANG_WARN__DUPLICATE_METHOD_MATCH = YES;
				COPY_PHASE_STRIP = NO;
				DEBUG_INFORMATION_FORMAT = dwarf;
				ENABLE_STRICT_OBJC_MSGSEND = YES;
				ENABLE_TESTABILITY = YES;
				GCC_C_LANGUAGE_STANDARD = gnu11;
				GCC_DYNAMIC_NO_PIC = NO;
				GCC_NO_COMMON_BLOCKS = YES;
				GCC_OPTIMIZATION_LEVEL = 0;
				GCC_PREPROCESSOR_DEFINITIONS = (
					"DEBUG=1",
					"$(inherited)",
				);
				GCC_WARN_64_TO_32_BIT_CONVERSION = YES;
				GCC_WARN_ABOUT_RETURN_TYPE = YES_ERROR;
				GCC_WARN_UNDECLARED_SELECTOR = YES;
				GCC_WARN_UNINITIALIZED_AUTOS = YES_AGGRESSIVE;
				GCC_WARN_UNUSED_FUNCTION = YES;
				GCC_WARN_UNUSED_VARIABLE = YES;
				IPHONEOS_DEPLOYMENT_TARGET = 16.4;
				MTL_ENABLE_DEBUG_INFO = INCLUDE_SOURCE;
				MTL_FAST_MATH = YES;
				ONLY_ACTIVE_ARCH = YES;
				SDKROOT = iphoneos;
				SWIFT_ACTIVE_COMPILATION_CONDITIONS = DEBUG;
				SWIFT_OPTIMIZATION_LEVEL = "-Onone";
			};
			name = Debug;
		};
		AC7511EB2A844F8D008EC31A /* Release */ = {
			isa = XCBuildConfiguration;
			buildSettings = {
				ALWAYS_SEARCH_USER_PATHS = NO;
				CLANG_ANALYZER_NONNULL = YES;
				CLANG_ANALYZER_NUMBER_OBJECT_CONVERSION = YES_AGGRESSIVE;
				CLANG_CXX_LANGUAGE_STANDARD = "gnu++20";
				CLANG_ENABLE_MODULES = YES;
				CLANG_ENABLE_OBJC_ARC = YES;
				CLANG_ENABLE_OBJC_WEAK = YES;
				CLANG_WARN_BLOCK_CAPTURE_AUTORELEASING = YES;
				CLANG_WARN_BOOL_CONVERSION = YES;
				CLANG_WARN_COMMA = YES;
				CLANG_WARN_CONSTANT_CONVERSION = YES;
				CLANG_WARN_DEPRECATED_OBJC_IMPLEMENTATIONS = YES;
				CLANG_WARN_DIRECT_OBJC_ISA_USAGE = YES_ERROR;
				CLANG_WARN_DOCUMENTATION_COMMENTS = YES;
				CLANG_WARN_EMPTY_BODY = YES;
				CLANG_WARN_ENUM_CONVERSION = YES;
				CLANG_WARN_INFINITE_RECURSION = YES;
				CLANG_WARN_INT_CONVERSION = YES;
				CLANG_WARN_NON_LITERAL_NULL_CONVERSION = YES;
				CLANG_WARN_OBJC_IMPLICIT_RETAIN_SELF = YES;
				CLANG_WARN_OBJC_LITERAL_CONVERSION = YES;
				CLANG_WARN_OBJC_ROOT_CLASS = YES_ERROR;
				CLANG_WARN_QUOTED_INCLUDE_IN_FRAMEWORK_HEADER = YES;
				CLANG_WARN_RANGE_LOOP_ANALYSIS = YES;
				CLANG_WARN_STRICT_PROTOTYPES = YES;
				CLANG_WARN_SUSPICIOUS_MOVE = YES;
				CLANG_WARN_UNGUARDED_AVAILABILITY = YES_AGGRESSIVE;
				CLANG_WARN_UNREACHABLE_CODE = YES;
				CLANG_WARN__DUPLICATE_METHOD_MATCH = YES;
				COPY_PHASE_STRIP = NO;
				DEBUG_INFORMATION_FORMAT = "dwarf-with-dsym";
				ENABLE_NS_ASSERTIONS = NO;
				ENABLE_STRICT_OBJC_MSGSEND = YES;
				GCC_C_LANGUAGE_STANDARD = gnu11;
				GCC_NO_COMMON_BLOCKS = YES;
				GCC_WARN_64_TO_32_BIT_CONVERSION = YES;
				GCC_WARN_ABOUT_RETURN_TYPE = YES_ERROR;
				GCC_WARN_UNDECLARED_SELECTOR = YES;
				GCC_WARN_UNINITIALIZED_AUTOS = YES_AGGRESSIVE;
				GCC_WARN_UNUSED_FUNCTION = YES;
				GCC_WARN_UNUSED_VARIABLE = YES;
				IPHONEOS_DEPLOYMENT_TARGET = 16.4;
				MTL_ENABLE_DEBUG_INFO = NO;
				MTL_FAST_MATH = YES;
				SDKROOT = iphoneos;
				SWIFT_COMPILATION_MODE = wholemodule;
				SWIFT_OPTIMIZATION_LEVEL = "-O";
				VALIDATE_PRODUCT = YES;
			};
			name = Release;
		};
		AC7511ED2A844F8D008EC31A /* Debug */ = {
			isa = XCBuildConfiguration;
			buildSettings = {
				ASSETCATALOG_COMPILER_APPICON_NAME = AppIcon;
				ASSETCATALOG_COMPILER_GLOBAL_ACCENT_COLOR_NAME = AccentColor;
				CODE_SIGN_STYLE = Automatic;
				CURRENT_PROJECT_VERSION = 1;
				DEVELOPMENT_ASSET_PATHS = "\"ViewBuildersBootcamp/Preview Content\"";
				DEVELOPMENT_TEAM = 482344W3R3;
				ENABLE_PREVIEWS = YES;
				GENERATE_INFOPLIST_FILE = YES;
				INFOPLIST_KEY_UIApplicationSceneManifest_Generation = YES;
				INFOPLIST_KEY_UIApplicationSupportsIndirectInputEvents = YES;
				INFOPLIST_KEY_UILaunchScreen_Generation = YES;
				INFOPLIST_KEY_UISupportedInterfaceOrientations_iPad = "UIInterfaceOrientationPortrait UIInterfaceOrientationPortraitUpsideDown UIInterfaceOrientationLandscapeLeft UIInterfaceOrientationLandscapeRight";
				INFOPLIST_KEY_UISupportedInterfaceOrientations_iPhone = "UIInterfaceOrientationPortrait UIInterfaceOrientationLandscapeLeft UIInterfaceOrientationLandscapeRight";
				LD_RUNPATH_SEARCH_PATHS = (
					"$(inherited)",
					"@executable_path/Frameworks",
				);
				MARKETING_VERSION = 1.0;
				PRODUCT_BUNDLE_IDENTIFIER = Artemaj.ViewBuildersBootcamp;
				PRODUCT_NAME = "$(TARGET_NAME)";
				SWIFT_EMIT_LOC_STRINGS = YES;
				SWIFT_VERSION = 5.0;
				TARGETED_DEVICE_FAMILY = "1,2";
			};
			name = Debug;
		};
		AC7511EE2A844F8D008EC31A /* Release */ = {
			isa = XCBuildConfiguration;
			buildSettings = {
				ASSETCATALOG_COMPILER_APPICON_NAME = AppIcon;
				ASSETCATALOG_COMPILER_GLOBAL_ACCENT_COLOR_NAME = AccentColor;
				CODE_SIGN_STYLE = Automatic;
				CURRENT_PROJECT_VERSION = 1;
				DEVELOPMENT_ASSET_PATHS = "\"ViewBuildersBootcamp/Preview Content\"";
				DEVELOPMENT_TEAM = 482344W3R3;
				ENABLE_PREVIEWS = YES;
				GENERATE_INFOPLIST_FILE = YES;
				INFOPLIST_KEY_UIApplicationSceneManifest_Generation = YES;
				INFOPLIST_KEY_UIApplicationSupportsIndirectInputEvents = YES;
				INFOPLIST_KEY_UILaunchScreen_Generation = YES;
				INFOPLIST_KEY_UISupportedInterfaceOrientations_iPad = "UIInterfaceOrientationPortrait UIInterfaceOrientationPortraitUpsideDown UIInterfaceOrientationLandscapeLeft UIInterfaceOrientationLandscapeRight";
				INFOPLIST_KEY_UISupportedInterfaceOrientations_iPhone = "UIInterfaceOrientationPortrait UIInterfaceOrientationLandscapeLeft UIInterfaceOrientationLandscapeRight";
				LD_RUNPATH_SEARCH_PATHS = (
					"$(inherited)",
					"@executable_path/Frameworks",
				);
				MARKETING_VERSION = 1.0;
				PRODUCT_BUNDLE_IDENTIFIER = Artemaj.ViewBuildersBootcamp;
				PRODUCT_NAME = "$(TARGET_NAME)";
				SWIFT_EMIT_LOC_STRINGS = YES;
				SWIFT_VERSION = 5.0;
				TARGETED_DEVICE_FAMILY = "1,2";
			};
			name = Release;
		};
/* End XCBuildConfiguration section */

/* Begin XCConfigurationList section */
		AC7511D92A844F8C008EC31A /* Build configuration list for PBXProject "ViewBuildersBootcamp" */ = {
			isa = XCConfigurationList;
			buildConfigurations = (
				AC7511EA2A844F8D008EC31A /* Debug */,
				AC7511EB2A844F8D008EC31A /* Release */,
			);
			defaultConfigurationIsVisible = 0;
			defaultConfigurationName = Release;
		};
		AC7511EC2A844F8D008EC31A /* Build configuration list for PBXNativeTarget "ViewBuildersBootcamp" */ = {
			isa = XCConfigurationList;
			buildConfigurations = (
				AC7511ED2A844F8D008EC31A /* Debug */,
				AC7511EE2A844F8D008EC31A /* Release */,
			);
			defaultConfigurationIsVisible = 0;
			defaultConfigurationName = Release;
		};
/* End XCConfigurationList section */
	};
	rootObject = AC7511D62A844F8C008EC31A /* Project object */;
}
